
Microsoft Visual Studio Solution File, Format Version 12.00
Project("{FAE04EC0-301F-11D3-BF4B-00C04F79EFBC}") = "src\Kos811.Spydee3.Api", "src\Kos811.Spydee3.Api\Kos811.Spydee3.Api.csproj", "{E7FD5527-2FF6-4561-8B27-637E39BD6E67}"
EndProject
Project("{FAE04EC0-301F-11D3-BF4B-00C04F79EFBC}") = "src\Kos811.Spydee3.Kafka", "src\Kos811.Spydee3.Kafka\Kos811.Spydee3.Kafka.csproj", "{D1E62247-3E4B-4EA3-A61C-BE2045025BA8}"
EndProject
Project("{FAE04EC0-301F-11D3-BF4B-00C04F79EFBC}") = "src\Kos811.Spydee3.Services", "src\Kos811.Spydee3.Services\Kos811.Spydee3.Services.csproj", "{37F8C390-92F9-4954-B69E-E3C7902D9767}"
EndProject
Project("{FAE04EC0-301F-11D3-BF4B-00C04F79EFBC}") = "src\Kos811.Spydee3.Domain", "src\Kos811.Spydee3.Domain\Kos811.Spydee3.Domain.csproj", "{5EB21596-1B87-4966-9723-5B01439ACC04}"
EndProject
Global
	GlobalSection(SolutionConfigurationPlatforms) = preSolution
		Debug|Any CPU = Debug|Any CPU
		Release|Any CPU = Release|Any CPU
	EndGlobalSection
	GlobalSection(ProjectConfigurationPlatforms) = postSolution
		{E7FD5527-2FF6-4561-8B27-637E39BD6E67}.Debug|Any CPU.ActiveCfg = Debug|Any CPU
		{E7FD5527-2FF6-4561-8B27-637E39BD6E67}.Debug|Any CPU.Build.0 = Debug|Any CPU
		{E7FD5527-2FF6-4561-8B27-637E39BD6E67}.Release|Any CPU.ActiveCfg = Release|Any CPU
		{E7FD5527-2FF6-4561-8B27-637E39BD6E67}.Release|Any CPU.Build.0 = Release|Any CPU
		{D1E62247-3E4B-4EA3-A61C-BE2045025BA8}.Debug|Any CPU.ActiveCfg = Debug|Any CPU
		{D1E62247-3E4B-4EA3-A61C-BE2045025BA8}.Debug|Any CPU.Build.0 = Debug|Any CPU
		{D1E62247-3E4B-4EA3-A61C-BE2045025BA8}.Release|Any CPU.ActiveCfg = Release|Any CPU
		{D1E62247-3E4B-4EA3-A61C-BE2045025BA8}.Release|Any CPU.Build.0 = Release|Any CPU
		{37F8C390-92F9-4954-B69E-E3C7902D9767}.Debug|Any CPU.ActiveCfg = Debug|Any CPU
		{37F8C390-92F9-4954-B69E-E3C7902D9767}.Debug|Any CPU.Build.0 = Debug|Any CPU
		{37F8C390-92F9-4954-B69E-E3C7902D9767}.Release|Any CPU.ActiveCfg = Release|Any CPU
		{37F8C390-92F9-4954-B69E-E3C7902D9767}.Release|Any CPU.Build.0 = Release|Any CPU
		{5EB21596-1B87-4966-9723-5B01439ACC04}.Debug|Any CPU.ActiveCfg = Debug|Any CPU
		{5EB21596-1B87-4966-9723-5B01439ACC04}.Debug|Any CPU.Build.0 = Debug|Any CPU
		{5EB21596-1B87-4966-9723-5B01439ACC04}.Release|Any CPU.ActiveCfg = Release|Any CPU
		{5EB21596-1B87-4966-9723-5B01439ACC04}.Release|Any CPU.Build.0 = Release|Any CPU
	EndGlobalSection
EndGlobal
